// !$*UTF8*$!
{
	archiveVersion = 1;
	classes = {
	};
	objectVersion = 56;
	objects = {

/* Begin PBXBuildFile section */
		5E1E27D52B0D0EEF0093E93B /* Movie_APIApp.swift in Sources */ = {isa = PBXBuildFile; fileRef = 5E1E27D42B0D0EEF0093E93B /* Movie_APIApp.swift */; };
		5E1E27D72B0D0EEF0093E93B /* ContentView.swift in Sources */ = {isa = PBXBuildFile; fileRef = 5E1E27D62B0D0EEF0093E93B /* ContentView.swift */; };
		5E1E27D92B0D0EF00093E93B /* Assets.xcassets in Resources */ = {isa = PBXBuildFile; fileRef = 5E1E27D82B0D0EF00093E93B /* Assets.xcassets */; };
		5E1E27DC2B0D0EF00093E93B /* Preview Assets.xcassets in Resources */ = {isa = PBXBuildFile; fileRef = 5E1E27DB2B0D0EF00093E93B /* Preview Assets.xcassets */; };
		5E1E27E62B0D0EF00093E93B /* Movie_APITests.swift in Sources */ = {isa = PBXBuildFile; fileRef = 5E1E27E52B0D0EF00093E93B /* Movie_APITests.swift */; };
		5E1E27F02B0D0EF00093E93B /* Movie_APIUITests.swift in Sources */ = {isa = PBXBuildFile; fileRef = 5E1E27EF2B0D0EF00093E93B /* Movie_APIUITests.swift */; };
		5E1E27F22B0D0EF00093E93B /* Movie_APIUITestsLaunchTests.swift in Sources */ = {isa = PBXBuildFile; fileRef = 5E1E27F12B0D0EF00093E93B /* Movie_APIUITestsLaunchTests.swift */; };
		5E3EE80C2B18EE7F00634570 /* MovieStore.swift in Sources */ = {isa = PBXBuildFile; fileRef = 5E3EE80B2B18EE7F00634570 /* MovieStore.swift */; };
		5E3EE80E2B18F07E00634570 /* iegw.swift in Sources */ = {isa = PBXBuildFile; fileRef = 5E3EE80D2B18F07E00634570 /* iegw.swift */; };
		5E6384AF2B16504800A224D0 /* mooovie.swift in Sources */ = {isa = PBXBuildFile; fileRef = 5E6384AE2B16504800A224D0 /* mooovie.swift */; };
		5E6384B12B16518700A224D0 /* sources.swift in Sources */ = {isa = PBXBuildFile; fileRef = 5E6384B02B16518700A224D0 /* sources.swift */; };
		5EEB146B2B20DD6E00120F15 /* movier.swift in Sources */ = {isa = PBXBuildFile; fileRef = 5EEB146A2B20DD6E00120F15 /* movier.swift */; };
/* End PBXBuildFile section */

/* Begin PBXContainerItemProxy section */
		5E1E27E22B0D0EF00093E93B /* PBXContainerItemProxy */ = {
			isa = PBXContainerItemProxy;
			containerPortal = 5E1E27C92B0D0EEF0093E93B /* Project object */;
			proxyType = 1;
			remoteGlobalIDString = 5E1E27D02B0D0EEF0093E93B;
			remoteInfo = "Movie API";
		};
		5E1E27EC2B0D0EF00093E93B /* PBXContainerItemProxy */ = {
			isa = PBXContainerItemProxy;
			containerPortal = 5E1E27C92B0D0EEF0093E93B /* Project object */;
			proxyType = 1;
			remoteGlobalIDString = 5E1E27D02B0D0EEF0093E93B;
			remoteInfo = "Movie API";
		};
/* End PBXContainerItemProxy section */

/* Begin PBXFileReference section */
		5E1E27D12B0D0EEF0093E93B /* Movie API.app */ = {isa = PBXFileReference; explicitFileType = wrapper.application; includeInIndex = 0; path = "Movie API.app"; sourceTree = BUILT_PRODUCTS_DIR; };
		5E1E27D42B0D0EEF0093E93B /* Movie_APIApp.swift */ = {isa = PBXFileReference; lastKnownFileType = sourcecode.swift; path = Movie_APIApp.swift; sourceTree = "<group>"; };
		5E1E27D62B0D0EEF0093E93B /* ContentView.swift */ = {isa = PBXFileReference; lastKnownFileType = sourcecode.swift; path = ContentView.swift; sourceTree = "<group>"; };
		5E1E27D82B0D0EF00093E93B /* Assets.xcassets */ = {isa = PBXFileReference; lastKnownFileType = folder.assetcatalog; path = Assets.xcassets; sourceTree = "<group>"; };
		5E1E27DB2B0D0EF00093E93B /* Preview Assets.xcassets */ = {isa = PBXFileReference; lastKnownFileType = folder.assetcatalog; path = "Preview Assets.xcassets"; sourceTree = "<group>"; };
		5E1E27E12B0D0EF00093E93B /* Movie APITests.xctest */ = {isa = PBXFileReference; explicitFileType = wrapper.cfbundle; includeInIndex = 0; path = "Movie APITests.xctest"; sourceTree = BUILT_PRODUCTS_DIR; };
		5E1E27E52B0D0EF00093E93B /* Movie_APITests.swift */ = {isa = PBXFileReference; lastKnownFileType = sourcecode.swift; path = Movie_APITests.swift; sourceTree = "<group>"; };
		5E1E27EB2B0D0EF00093E93B /* Movie APIUITests.xctest */ = {isa = PBXFileReference; explicitFileType = wrapper.cfbundle; includeInIndex = 0; path = "Movie APIUITests.xctest"; sourceTree = BUILT_PRODUCTS_DIR; };
		5E1E27EF2B0D0EF00093E93B /* Movie_APIUITests.swift */ = {isa = PBXFileReference; lastKnownFileType = sourcecode.swift; path = Movie_APIUITests.swift; sourceTree = "<group>"; };
		5E1E27F12B0D0EF00093E93B /* Movie_APIUITestsLaunchTests.swift */ = {isa = PBXFileReference; lastKnownFileType = sourcecode.swift; path = Movie_APIUITestsLaunchTests.swift; sourceTree = "<group>"; };
		5E3EE80B2B18EE7F00634570 /* MovieStore.swift */ = {isa = PBXFileReference; lastKnownFileType = sourcecode.swift; path = MovieStore.swift; sourceTree = "<group>"; };
		5E3EE80D2B18F07E00634570 /* iegw.swift */ = {isa = PBXFileReference; lastKnownFileType = sourcecode.swift; path = iegw.swift; sourceTree = "<group>"; };
		5E6384AE2B16504800A224D0 /* mooovie.swift */ = {isa = PBXFileReference; lastKnownFileType = sourcecode.swift; path = mooovie.swift; sourceTree = "<group>"; };
		5E6384B02B16518700A224D0 /* sources.swift */ = {isa = PBXFileReference; lastKnownFileType = sourcecode.swift; path = sources.swift; sourceTree = "<group>"; };
		5EEB146A2B20DD6E00120F15 /* movier.swift */ = {isa = PBXFileReference; lastKnownFileType = sourcecode.swift; path = movier.swift; sourceTree = "<group>"; };
/* End PBXFileReference section */

/* Begin PBXFrameworksBuildPhase section */
		5E1E27CE2B0D0EEF0093E93B /* Frameworks */ = {
			isa = PBXFrameworksBuildPhase;
			buildActionMask = 2147483647;
			files = (
			);
			runOnlyForDeploymentPostprocessing = 0;
		};
		5E1E27DE2B0D0EF00093E93B /* Frameworks */ = {
			isa = PBXFrameworksBuildPhase;
			buildActionMask = 2147483647;
			files = (
			);
			runOnlyForDeploymentPostprocessing = 0;
		};
		5E1E27E82B0D0EF00093E93B /* Frameworks */ = {
			isa = PBXFrameworksBuildPhase;
			buildActionMask = 2147483647;
			files = (
			);
			runOnlyForDeploymentPostprocessing = 0;
		};
/* End PBXFrameworksBuildPhase section */

/* Begin PBXGroup section */
		5E1E27C82B0D0EEF0093E93B = {
			isa = PBXGroup;
			children = (
				5E1E27D32B0D0EEF0093E93B /* Movie API */,
				5E1E27E42B0D0EF00093E93B /* Movie APITests */,
				5E1E27EE2B0D0EF00093E93B /* Movie APIUITests */,
				5E1E27D22B0D0EEF0093E93B /* Products */,
			);
			sourceTree = "<group>";
		};
		5E1E27D22B0D0EEF0093E93B /* Products */ = {
			isa = PBXGroup;
			children = (
				5E1E27D12B0D0EEF0093E93B /* Movie API.app */,
				5E1E27E12B0D0EF00093E93B /* Movie APITests.xctest */,
				5E1E27EB2B0D0EF00093E93B /* Movie APIUITests.xctest */,
			);
			name = Products;
			sourceTree = "<group>";
		};
		5E1E27D32B0D0EEF0093E93B /* Movie API */ = {
			isa = PBXGroup;
			children = (
				5E1E27D42B0D0EEF0093E93B /* Movie_APIApp.swift */,
				5E1E27D62B0D0EEF0093E93B /* ContentView.swift */,
				5E6384AE2B16504800A224D0 /* mooovie.swift */,
				5E6384B02B16518700A224D0 /* sources.swift */,
				5E3EE80B2B18EE7F00634570 /* MovieStore.swift */,
				5EEB146A2B20DD6E00120F15 /* movier.swift */,
				5E3EE80D2B18F07E00634570 /* iegw.swift */,
				5E1E27D82B0D0EF00093E93B /* Assets.xcassets */,
				5E1E27DA2B0D0EF00093E93B /* Preview Content */,
			);
			path = "Movie API";
			sourceTree = "<group>";
		};
		5E1E27DA2B0D0EF00093E93B /* Preview Content */ = {
			isa = PBXGroup;
			children = (
				5E1E27DB2B0D0EF00093E93B /* Preview Assets.xcassets */,
			);
			path = "Preview Content";
			sourceTree = "<group>";
		};
		5E1E27E42B0D0EF00093E93B /* Movie APITests */ = {
			isa = PBXGroup;
			children = (
				5E1E27E52B0D0EF00093E93B /* Movie_APITests.swift */,
			);
			path = "Movie APITests";
			sourceTree = "<group>";
		};
		5E1E27EE2B0D0EF00093E93B /* Movie APIUITests */ = {
			isa = PBXGroup;
			children = (
				5E1E27EF2B0D0EF00093E93B /* Movie_APIUITests.swift */,
				5E1E27F12B0D0EF00093E93B /* Movie_APIUITestsLaunchTests.swift */,
			);
			path = "Movie APIUITests";
			sourceTree = "<group>";
		};
/* End PBXGroup section */

/* Begin PBXNativeTarget section */
		5E1E27D02B0D0EEF0093E93B /* Movie API */ = {
			isa = PBXNativeTarget;
			buildConfigurationList = 5E1E27F52B0D0EF00093E93B /* Build configuration list for PBXNativeTarget "Movie API" */;
			buildPhases = (
				5E1E27CD2B0D0EEF0093E93B /* Sources */,
				5E1E27CE2B0D0EEF0093E93B /* Frameworks */,
				5E1E27CF2B0D0EEF0093E93B /* Resources */,
			);
			buildRules = (
			);
			dependencies = (
			);
			name = "Movie API";
			productName = "Movie API";
			productReference = 5E1E27D12B0D0EEF0093E93B /* Movie API.app */;
			productType = "com.apple.product-type.application";
		};
		5E1E27E02B0D0EF00093E93B /* Movie APITests */ = {
			isa = PBXNativeTarget;
			buildConfigurationList = 5E1E27F82B0D0EF00093E93B /* Build configuration list for PBXNativeTarget "Movie APITests" */;
			buildPhases = (
				5E1E27DD2B0D0EF00093E93B /* Sources */,
				5E1E27DE2B0D0EF00093E93B /* Frameworks */,
				5E1E27DF2B0D0EF00093E93B /* Resources */,
			);
			buildRules = (
			);
			dependencies = (
				5E1E27E32B0D0EF00093E93B /* PBXTargetDependency */,
			);
			name = "Movie APITests";
			productName = "Movie APITests";
			productReference = 5E1E27E12B0D0EF00093E93B /* Movie APITests.xctest */;
			productType = "com.apple.product-type.bundle.unit-test";
		};
		5E1E27EA2B0D0EF00093E93B /* Movie APIUITests */ = {
			isa = PBXNativeTarget;
			buildConfigurationList = 5E1E27FB2B0D0EF00093E93B /* Build configuration list for PBXNativeTarget "Movie APIUITests" */;
			buildPhases = (
				5E1E27E72B0D0EF00093E93B /* Sources */,
				5E1E27E82B0D0EF00093E93B /* Frameworks */,
				5E1E27E92B0D0EF00093E93B /* Resources */,
			);
			buildRules = (
			);
			dependencies = (
				5E1E27ED2B0D0EF00093E93B /* PBXTargetDependency */,
			);
			name = "Movie APIUITests";
			productName = "Movie APIUITests";
			productReference = 5E1E27EB2B0D0EF00093E93B /* Movie APIUITests.xctest */;
			productType = "com.apple.product-type.bundle.ui-testing";
		};
/* End PBXNativeTarget section */

/* Begin PBXProject section */
		5E1E27C92B0D0EEF0093E93B /* Project object */ = {
			isa = PBXProject;
			attributes = {
				BuildIndependentTargetsInParallel = 1;
				LastSwiftUpdateCheck = 1430;
				LastUpgradeCheck = 1430;
				TargetAttributes = {
					5E1E27D02B0D0EEF0093E93B = {
						CreatedOnToolsVersion = 14.3.1;
					};
					5E1E27E02B0D0EF00093E93B = {
						CreatedOnToolsVersion = 14.3.1;
						TestTargetID = 5E1E27D02B0D0EEF0093E93B;
					};
					5E1E27EA2B0D0EF00093E93B = {
						CreatedOnToolsVersion = 14.3.1;
						TestTargetID = 5E1E27D02B0D0EEF0093E93B;
					};
				};
			};
			buildConfigurationList = 5E1E27CC2B0D0EEF0093E93B /* Build configuration list for PBXProject "Movie API" */;
			compatibilityVersion = "Xcode 14.0";
			developmentRegion = en;
			hasScannedForEncodings = 0;
			knownRegions = (
				en,
				Base,
			);
			mainGroup = 5E1E27C82B0D0EEF0093E93B;
			productRefGroup = 5E1E27D22B0D0EEF0093E93B /* Products */;
			projectDirPath = "";
			projectRoot = "";
			targets = (
				5E1E27D02B0D0EEF0093E93B /* Movie API */,
				5E1E27E02B0D0EF00093E93B /* Movie APITests */,
				5E1E27EA2B0D0EF00093E93B /* Movie APIUITests */,
			);
		};
/* End PBXProject section */

/* Begin PBXResourcesBuildPhase section */
		5E1E27CF2B0D0EEF0093E93B /* Resources */ = {
			isa = PBXResourcesBuildPhase;
			buildActionMask = 2147483647;
			files = (
				5E1E27DC2B0D0EF00093E93B /* Preview Assets.xcassets in Resources */,
				5E1E27D92B0D0EF00093E93B /* Assets.xcassets in Resources */,
			);
			runOnlyForDeploymentPostprocessing = 0;
		};
		5E1E27DF2B0D0EF00093E93B /* Resources */ = {
			isa = PBXResourcesBuildPhase;
			buildActionMask = 2147483647;
			files = (
			);
			runOnlyForDeploymentPostprocessing = 0;
		};
		5E1E27E92B0D0EF00093E93B /* Resources */ = {
			isa = PBXResourcesBuildPhase;
			buildActionMask = 2147483647;
			files = (
			);
			runOnlyForDeploymentPostprocessing = 0;
		};
/* End PBXResourcesBuildPhase section */

/* Begin PBXSourcesBuildPhase section */
		5E1E27CD2B0D0EEF0093E93B /* Sources */ = {
			isa = PBXSourcesBuildPhase;
			buildActionMask = 2147483647;
			files = (
				5E3EE80C2B18EE7F00634570 /* MovieStore.swift in Sources */,
				5E6384B12B16518700A224D0 /* sources.swift in Sources */,
				5E1E27D72B0D0EEF0093E93B /* ContentView.swift in Sources */,
				5EEB146B2B20DD6E00120F15 /* movier.swift in Sources */,
				5E3EE80E2B18F07E00634570 /* iegw.swift in Sources */,
				5E1E27D52B0D0EEF0093E93B /* Movie_APIApp.swift in Sources */,
				5E6384AF2B16504800A224D0 /* mooovie.swift in Sources */,
			);
			runOnlyForDeploymentPostprocessing = 0;
		};
		5E1E27DD2B0D0EF00093E93B /* Sources */ = {
			isa = PBXSourcesBuildPhase;
			buildActionMask = 2147483647;
			files = (
				5E1E27E62B0D0EF00093E93B /* Movie_APITests.swift in Sources */,
			);
			runOnlyForDeploymentPostprocessing = 0;
		};
		5E1E27E72B0D0EF00093E93B /* Sources */ = {
			isa = PBXSourcesBuildPhase;
			buildActionMask = 2147483647;
			files = (
				5E1E27F22B0D0EF00093E93B /* Movie_APIUITestsLaunchTests.swift in Sources */,
				5E1E27F02B0D0EF00093E93B /* Movie_APIUITests.swift in Sources */,
			);
			runOnlyForDeploymentPostprocessing = 0;
		};
/* End PBXSourcesBuildPhase section */

/* Begin PBXTargetDependency section */
		5E1E27E32B0D0EF00093E93B /* PBXTargetDependency */ = {
			isa = PBXTargetDependency;
			target = 5E1E27D02B0D0EEF0093E93B /* Movie API */;
			targetProxy = 5E1E27E22B0D0EF00093E93B /* PBXContainerItemProxy */;
		};
		5E1E27ED2B0D0EF00093E93B /* PBXTargetDependency */ = {
			isa = PBXTargetDependency;
			target = 5E1E27D02B0D0EEF0093E93B /* Movie API */;
			targetProxy = 5E1E27EC2B0D0EF00093E93B /* PBXContainerItemProxy */;
		};
/* End PBXTargetDependency section */

/* Begin XCBuildConfiguration section */
		5E1E27F32B0D0EF00093E93B /* Debug */ = {
			isa = XCBuildConfiguration;
			buildSettings = {
				ALWAYS_SEARCH_USER_PATHS = NO;
				CLANG_ANALYZER_NONNULL = YES;
				CLANG_ANALYZER_NUMBER_OBJECT_CONVERSION = YES_AGGRESSIVE;
				CLANG_CXX_LANGUAGE_STANDARD = "gnu++20";
				CLANG_ENABLE_MODULES = YES;
				CLANG_ENABLE_OBJC_ARC = YES;
				CLANG_ENABLE_OBJC_WEAK = YES;
				CLANG_WARN_BLOCK_CAPTURE_AUTORELEASING = YES;
				CLANG_WARN_BOOL_CONVERSION = YES;
				CLANG_WARN_COMMA = YES;
				CLANG_WARN_CONSTANT_CONVERSION = YES;
				CLANG_WARN_DEPRECATED_OBJC_IMPLEMENTATIONS = YES;
				CLANG_WARN_DIRECT_OBJC_ISA_USAGE = YES_ERROR;
				CLANG_WARN_DOCUMENTATION_COMMENTS = YES;
				CLANG_WARN_EMPTY_BODY = YES;
				CLANG_WARN_ENUM_CONVERSION = YES;
				CLANG_WARN_INFINITE_RECURSION = YES;
				CLANG_WARN_INT_CONVERSION = YES;
				CLANG_WARN_NON_LITERAL_NULL_CONVERSION = YES;
				CLANG_WARN_OBJC_IMPLICIT_RETAIN_SELF = YES;
				CLANG_WARN_OBJC_LITERAL_CONVERSION = YES;
				CLANG_WARN_OBJC_ROOT_CLASS = YES_ERROR;
				CLANG_WARN_QUOTED_INCLUDE_IN_FRAMEWORK_HEADER = YES;
				CLANG_WARN_RANGE_LOOP_ANALYSIS = YES;
				CLANG_WARN_STRICT_PROTOTYPES = YES;
				CLANG_WARN_SUSPICIOUS_MOVE = YES;
				CLANG_WARN_UNGUARDED_AVAILABILITY = YES_AGGRESSIVE;
				CLANG_WARN_UNREACHABLE_CODE = YES;
				CLANG_WARN__DUPLICATE_METHOD_MATCH = YES;
				COPY_PHASE_STRIP = NO;
				DEBUG_INFORMATION_FORMAT = dwarf;
				ENABLE_STRICT_OBJC_MSGSEND = YES;
				ENABLE_TESTABILITY = YES;
				GCC_C_LANGUAGE_STANDARD = gnu11;
				GCC_DYNAMIC_NO_PIC = NO;
				GCC_NO_COMMON_BLOCKS = YES;
				GCC_OPTIMIZATION_LEVEL = 0;
				GCC_PREPROCESSOR_DEFINITIONS = (
					"DEBUG=1",
					"$(inherited)",
				);
				GCC_WARN_64_TO_32_BIT_CONVERSION = YES;
				GCC_WARN_ABOUT_RETURN_TYPE = YES_ERROR;
				GCC_WARN_UNDECLARED_SELECTOR = YES;
				GCC_WARN_UNINITIALIZED_AUTOS = YES_AGGRESSIVE;
				GCC_WARN_UNUSED_FUNCTION = YES;
				GCC_WARN_UNUSED_VARIABLE = YES;
				IPHONEOS_DEPLOYMENT_TARGET = 16.4;
				MTL_ENABLE_DEBUG_INFO = INCLUDE_SOURCE;
				MTL_FAST_MATH = YES;
				ONLY_ACTIVE_ARCH = YES;
				SDKROOT = iphoneos;
				SWIFT_ACTIVE_COMPILATION_CONDITIONS = DEBUG;
				SWIFT_OPTIMIZATION_LEVEL = "-Onone";
			};
			name = Debug;
		};
		5E1E27F42B0D0EF00093E93B /* Release */ = {
			isa = XCBuildConfiguration;
			buildSettings = {
				ALWAYS_SEARCH_USER_PATHS = NO;
				CLANG_ANALYZER_NONNULL = YES;
				CLANG_ANALYZER_NUMBER_OBJECT_CONVERSION = YES_AGGRESSIVE;
				CLANG_CXX_LANGUAGE_STANDARD = "gnu++20";
				CLANG_ENABLE_MODULES = YES;
				CLANG_ENABLE_OBJC_ARC = YES;
				CLANG_ENABLE_OBJC_WEAK = YES;
				CLANG_WARN_BLOCK_CAPTURE_AUTORELEASING = YES;
				CLANG_WARN_BOOL_CONVERSION = YES;
				CLANG_WARN_COMMA = YES;
				CLANG_WARN_CONSTANT_CONVERSION = YES;
				CLANG_WARN_DEPRECATED_OBJC_IMPLEMENTATIONS = YES;
				CLANG_WARN_DIRECT_OBJC_ISA_USAGE = YES_ERROR;
				CLANG_WARN_DOCUMENTATION_COMMENTS = YES;
				CLANG_WARN_EMPTY_BODY = YES;
				CLANG_WARN_ENUM_CONVERSION = YES;
				CLANG_WARN_INFINITE_RECURSION = YES;
				CLANG_WARN_INT_CONVERSION = YES;
				CLANG_WARN_NON_LITERAL_NULL_CONVERSION = YES;
				CLANG_WARN_OBJC_IMPLICIT_RETAIN_SELF = YES;
				CLANG_WARN_OBJC_LITERAL_CONVERSION = YES;
				CLANG_WARN_OBJC_ROOT_CLASS = YES_ERROR;
				CLANG_WARN_QUOTED_INCLUDE_IN_FRAMEWORK_HEADER = YES;
				CLANG_WARN_RANGE_LOOP_ANALYSIS = YES;
				CLANG_WARN_STRICT_PROTOTYPES = YES;
				CLANG_WARN_SUSPICIOUS_MOVE = YES;
				CLANG_WARN_UNGUARDED_AVAILABILITY = YES_AGGRESSIVE;
				CLANG_WARN_UNREACHABLE_CODE = YES;
				CLANG_WARN__DUPLICATE_METHOD_MATCH = YES;
				COPY_PHASE_STRIP = NO;
				DEBUG_INFORMATION_FORMAT = "dwarf-with-dsym";
				ENABLE_NS_ASSERTIONS = NO;
				ENABLE_STRICT_OBJC_MSGSEND = YES;
				GCC_C_LANGUAGE_STANDARD = gnu11;
				GCC_NO_COMMON_BLOCKS = YES;
				GCC_WARN_64_TO_32_BIT_CONVERSION = YES;
				GCC_WARN_ABOUT_RETURN_TYPE = YES_ERROR;
				GCC_WARN_UNDECLARED_SELECTOR = YES;
				GCC_WARN_UNINITIALIZED_AUTOS = YES_AGGRESSIVE;
				GCC_WARN_UNUSED_FUNCTION = YES;
				GCC_WARN_UNUSED_VARIABLE = YES;
				IPHONEOS_DEPLOYMENT_TARGET = 16.4;
				MTL_ENABLE_DEBUG_INFO = NO;
				MTL_FAST_MATH = YES;
				SDKROOT = iphoneos;
				SWIFT_COMPILATION_MODE = wholemodule;
				SWIFT_OPTIMIZATION_LEVEL = "-O";
				VALIDATE_PRODUCT = YES;
			};
			name = Release;
		};
		5E1E27F62B0D0EF00093E93B /* Debug */ = {
			isa = XCBuildConfiguration;
			buildSettings = {
				ASSETCATALOG_COMPILER_APPICON_NAME = AppIcon;
				ASSETCATALOG_COMPILER_GLOBAL_ACCENT_COLOR_NAME = AccentColor;
				CODE_SIGN_STYLE = Automatic;
				CURRENT_PROJECT_VERSION = 1;
				DEVELOPMENT_ASSET_PATHS = "\"Movie API/Preview Content\"";
				ENABLE_PREVIEWS = YES;
				GENERATE_INFOPLIST_FILE = YES;
				INFOPLIST_KEY_UIApplicationSceneManifest_Generation = YES;
				INFOPLIST_KEY_UIApplicationSupportsIndirectInputEvents = YES;
				INFOPLIST_KEY_UILaunchScreen_Generation = YES;
				INFOPLIST_KEY_UISupportedInterfaceOrientations_iPad = "UIInterfaceOrientationPortrait UIInterfaceOrientationPortraitUpsideDown UIInterfaceOrientationLandscapeLeft UIInterfaceOrientationLandscapeRight";
				INFOPLIST_KEY_UISupportedInterfaceOrientations_iPhone = "UIInterfaceOrientationPortrait UIInterfaceOrientationLandscapeLeft UIInterfaceOrientationLandscapeRight";
				LD_RUNPATH_SEARCH_PATHS = (
					"$(inherited)",
					"@executable_path/Frameworks",
				);
				MARKETING_VERSION = 1.0;
				PRODUCT_BUNDLE_IDENTIFIER = "phs.Movie-API";
				PRODUCT_NAME = "$(TARGET_NAME)";
				SWIFT_EMIT_LOC_STRINGS = YES;
				SWIFT_VERSION = 5.0;
				TARGETED_DEVICE_FAMILY = "1,2";
			};
			name = Debug;
		};
		5E1E27F72B0D0EF00093E93B /* Release */ = {
			isa = XCBuildConfiguration;
			buildSettings = {
				ASSETCATALOG_COMPILER_APPICON_NAME = AppIcon;
				ASSETCATALOG_COMPILER_GLOBAL_ACCENT_COLOR_NAME = AccentColor;
				CODE_SIGN_STYLE = Automatic;
				CURRENT_PROJECT_VERSION = 1;
				DEVELOPMENT_ASSET_PATHS = "\"Movie API/Preview Content\"";
				ENABLE_PREVIEWS = YES;
				GENERATE_INFOPLIST_FILE = YES;
				INFOPLIST_KEY_UIApplicationSceneManifest_Generation = YES;
				INFOPLIST_KEY_UIApplicationSupportsIndirectInputEvents = YES;
				INFOPLIST_KEY_UILaunchScreen_Generation = YES;
				INFOPLIST_KEY_UISupportedInterfaceOrientations_iPad = "UIInterfaceOrientationPortrait UIInterfaceOrientationPortraitUpsideDown UIInterfaceOrientationLandscapeLeft UIInterfaceOrientationLandscapeRight";
				INFOPLIST_KEY_UISupportedInterfaceOrientations_iPhone = "UIInterfaceOrientationPortrait UIInterfaceOrientationLandscapeLeft UIInterfaceOrientationLandscapeRight";
				LD_RUNPATH_SEARCH_PATHS = (
					"$(inherited)",
					"@executable_path/Frameworks",
				);
				MARKETING_VERSION = 1.0;
				PRODUCT_BUNDLE_IDENTIFIER = "phs.Movie-API";
				PRODUCT_NAME = "$(TARGET_NAME)";
				SWIFT_EMIT_LOC_STRINGS = YES;
				SWIFT_VERSION = 5.0;
				TARGETED_DEVICE_FAMILY = "1,2";
			};
			name = Release;
		};
		5E1E27F92B0D0EF00093E93B /* Debug */ = {
			isa = XCBuildConfiguration;
			buildSettings = {
				ALWAYS_EMBED_SWIFT_STANDARD_LIBRARIES = YES;
				BUNDLE_LOADER = "$(TEST_HOST)";
				CODE_SIGN_STYLE = Automatic;
				CURRENT_PROJECT_VERSION = 1;
				GENERATE_INFOPLIST_FILE = YES;
				IPHONEOS_DEPLOYMENT_TARGET = 16.4;
				MARKETING_VERSION = 1.0;
				PRODUCT_BUNDLE_IDENTIFIER = "phs.Movie-APITests";
				PRODUCT_NAME = "$(TARGET_NAME)";
				SWIFT_EMIT_LOC_STRINGS = NO;
				SWIFT_VERSION = 5.0;
				TARGETED_DEVICE_FAMILY = "1,2";
				TEST_HOST = "$(BUILT_PRODUCTS_DIR)/Movie API.app/$(BUNDLE_EXECUTABLE_FOLDER_PATH)/Movie API";
			};
			name = Debug;
		};
		5E1E27FA2B0D0EF00093E93B /* Release */ = {
			isa = XCBuildConfiguration;
			buildSettings = {
				ALWAYS_EMBED_SWIFT_STANDARD_LIBRARIES = YES;
				BUNDLE_LOADER = "$(TEST_HOST)";
				CODE_SIGN_STYLE = Automatic;
				CURRENT_PROJECT_VERSION = 1;
				GENERATE_INFOPLIST_FILE = YES;
				IPHONEOS_DEPLOYMENT_TARGET = 16.4;
				MARKETING_VERSION = 1.0;
				PRODUCT_BUNDLE_IDENTIFIER = "phs.Movie-APITests";
				PRODUCT_NAME = "$(TARGET_NAME)";
				SWIFT_EMIT_LOC_STRINGS = NO;
				SWIFT_VERSION = 5.0;
				TARGETED_DEVICE_FAMILY = "1,2";
				TEST_HOST = "$(BUILT_PRODUCTS_DIR)/Movie API.app/$(BUNDLE_EXECUTABLE_FOLDER_PATH)/Movie API";
			};
			name = Release;
		};
		5E1E27FC2B0D0EF00093E93B /* Debug */ = {
			isa = XCBuildConfiguration;
			buildSettings = {
				ALWAYS_EMBED_SWIFT_STANDARD_LIBRARIES = YES;
				CODE_SIGN_STYLE = Automatic;
				CURRENT_PROJECT_VERSION = 1;
				GENERATE_INFOPLIST_FILE = YES;
				MARKETING_VERSION = 1.0;
				PRODUCT_BUNDLE_IDENTIFIER = "phs.Movie-APIUITests";
				PRODUCT_NAME = "$(TARGET_NAME)";
				SWIFT_EMIT_LOC_STRINGS = NO;
				SWIFT_VERSION = 5.0;
				TARGETED_DEVICE_FAMILY = "1,2";
				TEST_TARGET_NAME = "Movie API";
			};
			name = Debug;
		};
		5E1E27FD2B0D0EF00093E93B /* Release */ = {
			isa = XCBuildConfiguration;
			buildSettings = {
				ALWAYS_EMBED_SWIFT_STANDARD_LIBRARIES = YES;
				CODE_SIGN_STYLE = Automatic;
				CURRENT_PROJECT_VERSION = 1;
				GENERATE_INFOPLIST_FILE = YES;
				MARKETING_VERSION = 1.0;
				PRODUCT_BUNDLE_IDENTIFIER = "phs.Movie-APIUITests";
				PRODUCT_NAME = "$(TARGET_NAME)";
				SWIFT_EMIT_LOC_STRINGS = NO;
				SWIFT_VERSION = 5.0;
				TARGETED_DEVICE_FAMILY = "1,2";
				TEST_TARGET_NAME = "Movie API";
			};
			name = Release;
		};
/* End XCBuildConfiguration section */

/* Begin XCConfigurationList section */
		5E1E27CC2B0D0EEF0093E93B /* Build configuration list for PBXProject "Movie API" */ = {
			isa = XCConfigurationList;
			buildConfigurations = (
				5E1E27F32B0D0EF00093E93B /* Debug */,
				5E1E27F42B0D0EF00093E93B /* Release */,
			);
			defaultConfigurationIsVisible = 0;
			defaultConfigurationName = Release;
		};
		5E1E27F52B0D0EF00093E93B /* Build configuration list for PBXNativeTarget "Movie API" */ = {
			isa = XCConfigurationList;
			buildConfigurations = (
				5E1E27F62B0D0EF00093E93B /* Debug */,
				5E1E27F72B0D0EF00093E93B /* Release */,
			);
			defaultConfigurationIsVisible = 0;
			defaultConfigurationName = Release;
		};
		5E1E27F82B0D0EF00093E93B /* Build configuration list for PBXNativeTarget "Movie APITests" */ = {
			isa = XCConfigurationList;
			buildConfigurations = (
				5E1E27F92B0D0EF00093E93B /* Debug */,
				5E1E27FA2B0D0EF00093E93B /* Release */,
			);
			defaultConfigurationIsVisible = 0;
			defaultConfigurationName = Release;
		};
		5E1E27FB2B0D0EF00093E93B /* Build configuration list for PBXNativeTarget "Movie APIUITests" */ = {
			isa = XCConfigurationList;
			buildConfigurations = (
				5E1E27FC2B0D0EF00093E93B /* Debug */,
				5E1E27FD2B0D0EF00093E93B /* Release */,
			);
			defaultConfigurationIsVisible = 0;
			defaultConfigurationName = Release;
		};
/* End XCConfigurationList section */
	};
	rootObject = 5E1E27C92B0D0EEF0093E93B /* Project object */;
}
